
Microsoft Visual Studio Solution File, Format Version 12.00
# Visual Studio Version 17
VisualStudioVersion = 17.7.34018.315
MinimumVisualStudioVersion = 10.0.40219.1
Project("{FAE04EC0-301F-11D3-BF4B-00C04F79EFBC}") = "Kiki Boba", "Kiki Boba\Kiki Boba.csproj", "{21568159-F224-4D91-B94A-F51D0B44A7CB}"
EndProject
Global
	GlobalSection(SolutionConfigurationPlatforms) = preSolution
		Debug|Any CPU = Debug|Any CPU
		Release|Any CPU = Release|Any CPU
	EndGlobalSection
	GlobalSection(ProjectConfigurationPlatforms) = postSolution
		{21568159-F224-4D91-B94A-F51D0B44A7CB}.Debug|Any CPU.ActiveCfg = Debug|Any CPU
		{21568159-F224-4D91-B94A-F51D0B44A7CB}.Debug|Any CPU.Build.0 = Debug|Any CPU
		{21568159-F224-4D91-B94A-F51D0B44A7CB}.Release|Any CPU.ActiveCfg = Release|Any CPU
		{21568159-F224-4D91-B94A-F51D0B44A7CB}.Release|Any CPU.Build.0 = Release|Any CPU
	EndGlobalSection
	GlobalSection(SolutionProperties) = preSolution
		HideSolutionNode = FALSE
	EndGlobalSection
	GlobalSection(ExtensibilityGlobals) = postSolution
		SolutionGuid = {81BC7F8F-C532-45D2-BCDB-D4E53751BFFD}
	EndGlobalSection
EndGlobal
